// !$*UTF8*$!
{
	archiveVersion = 1;
	classes = {
	};
	objectVersion = 56;
	objects = {

/* Begin PBXBuildFile section */
		0A44B28F299E60FA0087606E /* ViewContoller+Extensions.swift in Sources */ = {isa = PBXBuildFile; fileRef = 0A44B28E299E60FA0087606E /* ViewContoller+Extensions.swift */; };
		0A976A68298C048900E721F3 /* AppDelegate.swift in Sources */ = {isa = PBXBuildFile; fileRef = 0A976A67298C048900E721F3 /* AppDelegate.swift */; };
		0A976A6A298C048900E721F3 /* SceneDelegate.swift in Sources */ = {isa = PBXBuildFile; fileRef = 0A976A69298C048900E721F3 /* SceneDelegate.swift */; };
		0A976A6F298C048900E721F3 /* Main.storyboard in Resources */ = {isa = PBXBuildFile; fileRef = 0A976A6D298C048900E721F3 /* Main.storyboard */; };
		0A976A71298C048A00E721F3 /* Assets.xcassets in Resources */ = {isa = PBXBuildFile; fileRef = 0A976A70298C048A00E721F3 /* Assets.xcassets */; };
		0A976A74298C048A00E721F3 /* LaunchScreen.storyboard in Resources */ = {isa = PBXBuildFile; fileRef = 0A976A72298C048A00E721F3 /* LaunchScreen.storyboard */; };
		0A976A80298C0DE200E721F3 /* OnboardingViewController.swift in Sources */ = {isa = PBXBuildFile; fileRef = 0A976A7F298C0DE200E721F3 /* OnboardingViewController.swift */; };
		0A976A83298C10C900E721F3 /* View+Extensions.swift in Sources */ = {isa = PBXBuildFile; fileRef = 0A976A82298C10C900E721F3 /* View+Extensions.swift */; };
		0A976A85298C115F00E721F3 /* OnboardingSlide.swift in Sources */ = {isa = PBXBuildFile; fileRef = 0A976A84298C115F00E721F3 /* OnboardingSlide.swift */; };
		0A976A87298C148F00E721F3 /* OnboardingCollectionViewCell.swift in Sources */ = {isa = PBXBuildFile; fileRef = 0A976A86298C148F00E721F3 /* OnboardingCollectionViewCell.swift */; };
		0A976A8A298C270900E721F3 /* HomeViewController.swift in Sources */ = {isa = PBXBuildFile; fileRef = 0A976A89298C270900E721F3 /* HomeViewController.swift */; };
		0A976A9B298C5ADB00E721F3 /* CategoryCollectionViewCell.swift in Sources */ = {isa = PBXBuildFile; fileRef = 0A976A99298C5ADB00E721F3 /* CategoryCollectionViewCell.swift */; };
		0A976A9C298C5ADB00E721F3 /* CategoryCollectionViewCell.xib in Resources */ = {isa = PBXBuildFile; fileRef = 0A976A9A298C5ADB00E721F3 /* CategoryCollectionViewCell.xib */; };
		0A976A9E298C5B7C00E721F3 /* DishCategory.swift in Sources */ = {isa = PBXBuildFile; fileRef = 0A976A9D298C5B7C00E721F3 /* DishCategory.swift */; };
		0AE9820F298C76740080FC28 /* DishLandscapeCollectionViewCell.swift in Sources */ = {isa = PBXBuildFile; fileRef = 0AE9820D298C76740080FC28 /* DishLandscapeCollectionViewCell.swift */; };
		0AE98210298C76740080FC28 /* DishLandscapeCollectionViewCell.xib in Resources */ = {isa = PBXBuildFile; fileRef = 0AE9820E298C76740080FC28 /* DishLandscapeCollectionViewCell.xib */; };
		0AE98215298C7E9A0080FC28 /* DishDetailViewController.swift in Sources */ = {isa = PBXBuildFile; fileRef = 0AE98214298C7E9A0080FC28 /* DishDetailViewController.swift */; };
		0AF808EA298C5C11007D6745 /* String+Extensions.swift in Sources */ = {isa = PBXBuildFile; fileRef = 0AF808E9298C5C11007D6745 /* String+Extensions.swift */; };
		0AF808ED298C5F52007D6745 /* CardView.swift in Sources */ = {isa = PBXBuildFile; fileRef = 0AF808EC298C5F52007D6745 /* CardView.swift */; };
		0AF808F1298C6B60007D6745 /* DishPortraitCollectionViewCell.swift in Sources */ = {isa = PBXBuildFile; fileRef = 0AF808EF298C6B60007D6745 /* DishPortraitCollectionViewCell.swift */; };
		0AF808F2298C6B60007D6745 /* DishPortraitCollectionViewCell.xib in Resources */ = {isa = PBXBuildFile; fileRef = 0AF808F0298C6B60007D6745 /* DishPortraitCollectionViewCell.xib */; };
		0AF808F4298C6C85007D6745 /* Dish.swift in Sources */ = {isa = PBXBuildFile; fileRef = 0AF808F3298C6C85007D6745 /* Dish.swift */; };
		786878C5C67ABF14410F95AA /* Pods_FoodApp.framework in Frameworks */ = {isa = PBXBuildFile; fileRef = 9B06474D2BB525AFACE8F5E6 /* Pods_FoodApp.framework */; };
/* End PBXBuildFile section */

/* Begin PBXFileReference section */
		07C46758ACE8673EE296F3CB /* Pods-FoodApp.release.xcconfig */ = {isa = PBXFileReference; includeInIndex = 1; lastKnownFileType = text.xcconfig; name = "Pods-FoodApp.release.xcconfig"; path = "Target Support Files/Pods-FoodApp/Pods-FoodApp.release.xcconfig"; sourceTree = "<group>"; };
		0A44B28E299E60FA0087606E /* ViewContoller+Extensions.swift */ = {isa = PBXFileReference; lastKnownFileType = sourcecode.swift; path = "ViewContoller+Extensions.swift"; sourceTree = "<group>"; };
		0A976A64298C048900E721F3 /* FoodApp.app */ = {isa = PBXFileReference; explicitFileType = wrapper.application; includeInIndex = 0; path = FoodApp.app; sourceTree = BUILT_PRODUCTS_DIR; };
		0A976A67298C048900E721F3 /* AppDelegate.swift */ = {isa = PBXFileReference; lastKnownFileType = sourcecode.swift; path = AppDelegate.swift; sourceTree = "<group>"; };
		0A976A69298C048900E721F3 /* SceneDelegate.swift */ = {isa = PBXFileReference; lastKnownFileType = sourcecode.swift; path = SceneDelegate.swift; sourceTree = "<group>"; };
		0A976A6E298C048900E721F3 /* Base */ = {isa = PBXFileReference; lastKnownFileType = file.storyboard; name = Base; path = Base.lproj/Main.storyboard; sourceTree = "<group>"; };
		0A976A70298C048A00E721F3 /* Assets.xcassets */ = {isa = PBXFileReference; lastKnownFileType = folder.assetcatalog; path = Assets.xcassets; sourceTree = "<group>"; };
		0A976A73298C048A00E721F3 /* Base */ = {isa = PBXFileReference; lastKnownFileType = file.storyboard; name = Base; path = Base.lproj/LaunchScreen.storyboard; sourceTree = "<group>"; };
		0A976A75298C048A00E721F3 /* Info.plist */ = {isa = PBXFileReference; lastKnownFileType = text.plist.xml; path = Info.plist; sourceTree = "<group>"; };
		0A976A7F298C0DE200E721F3 /* OnboardingViewController.swift */ = {isa = PBXFileReference; lastKnownFileType = sourcecode.swift; path = OnboardingViewController.swift; sourceTree = "<group>"; };
		0A976A82298C10C900E721F3 /* View+Extensions.swift */ = {isa = PBXFileReference; lastKnownFileType = sourcecode.swift; path = "View+Extensions.swift"; sourceTree = "<group>"; };
		0A976A84298C115F00E721F3 /* OnboardingSlide.swift */ = {isa = PBXFileReference; lastKnownFileType = sourcecode.swift; path = OnboardingSlide.swift; sourceTree = "<group>"; };
		0A976A86298C148F00E721F3 /* OnboardingCollectionViewCell.swift */ = {isa = PBXFileReference; lastKnownFileType = sourcecode.swift; path = OnboardingCollectionViewCell.swift; sourceTree = "<group>"; };
		0A976A89298C270900E721F3 /* HomeViewController.swift */ = {isa = PBXFileReference; lastKnownFileType = sourcecode.swift; path = HomeViewController.swift; sourceTree = "<group>"; };
		0A976A99298C5ADB00E721F3 /* CategoryCollectionViewCell.swift */ = {isa = PBXFileReference; lastKnownFileType = sourcecode.swift; path = CategoryCollectionViewCell.swift; sourceTree = "<group>"; };
		0A976A9A298C5ADB00E721F3 /* CategoryCollectionViewCell.xib */ = {isa = PBXFileReference; lastKnownFileType = file.xib; path = CategoryCollectionViewCell.xib; sourceTree = "<group>"; };
		0A976A9D298C5B7C00E721F3 /* DishCategory.swift */ = {isa = PBXFileReference; lastKnownFileType = sourcecode.swift; path = DishCategory.swift; sourceTree = "<group>"; };
		0AE9820D298C76740080FC28 /* DishLandscapeCollectionViewCell.swift */ = {isa = PBXFileReference; lastKnownFileType = sourcecode.swift; path = DishLandscapeCollectionViewCell.swift; sourceTree = "<group>"; };
		0AE9820E298C76740080FC28 /* DishLandscapeCollectionViewCell.xib */ = {isa = PBXFileReference; lastKnownFileType = file.xib; path = DishLandscapeCollectionViewCell.xib; sourceTree = "<group>"; };
		0AE98214298C7E9A0080FC28 /* DishDetailViewController.swift */ = {isa = PBXFileReference; lastKnownFileType = sourcecode.swift; path = DishDetailViewController.swift; sourceTree = "<group>"; };
		0AF808E9298C5C11007D6745 /* String+Extensions.swift */ = {isa = PBXFileReference; lastKnownFileType = sourcecode.swift; path = "String+Extensions.swift"; sourceTree = "<group>"; };
		0AF808EC298C5F52007D6745 /* CardView.swift */ = {isa = PBXFileReference; lastKnownFileType = sourcecode.swift; path = CardView.swift; sourceTree = "<group>"; };
		0AF808EF298C6B60007D6745 /* DishPortraitCollectionViewCell.swift */ = {isa = PBXFileReference; lastKnownFileType = sourcecode.swift; path = DishPortraitCollectionViewCell.swift; sourceTree = "<group>"; };
		0AF808F0298C6B60007D6745 /* DishPortraitCollectionViewCell.xib */ = {isa = PBXFileReference; lastKnownFileType = file.xib; path = DishPortraitCollectionViewCell.xib; sourceTree = "<group>"; };
		0AF808F3298C6C85007D6745 /* Dish.swift */ = {isa = PBXFileReference; lastKnownFileType = sourcecode.swift; path = Dish.swift; sourceTree = "<group>"; };
		5D989F1398744A3860D97D45 /* Pods-FoodApp.debug.xcconfig */ = {isa = PBXFileReference; includeInIndex = 1; lastKnownFileType = text.xcconfig; name = "Pods-FoodApp.debug.xcconfig"; path = "Target Support Files/Pods-FoodApp/Pods-FoodApp.debug.xcconfig"; sourceTree = "<group>"; };
		9B06474D2BB525AFACE8F5E6 /* Pods_FoodApp.framework */ = {isa = PBXFileReference; explicitFileType = wrapper.framework; includeInIndex = 0; path = Pods_FoodApp.framework; sourceTree = BUILT_PRODUCTS_DIR; };
/* End PBXFileReference section */

/* Begin PBXFrameworksBuildPhase section */
		0A976A61298C048900E721F3 /* Frameworks */ = {
			isa = PBXFrameworksBuildPhase;
			buildActionMask = 2147483647;
			files = (
				786878C5C67ABF14410F95AA /* Pods_FoodApp.framework in Frameworks */,
			);
			runOnlyForDeploymentPostprocessing = 0;
		};
/* End PBXFrameworksBuildPhase section */

/* Begin PBXGroup section */
		0A976A5B298C048900E721F3 = {
			isa = PBXGroup;
			children = (
				0A976A66298C048900E721F3 /* FoodApp */,
				0A976A65298C048900E721F3 /* Products */,
				F5A8CBC5E74E26CE04B8290E /* Pods */,
				D3CC77517C82BC598E995306 /* Frameworks */,
			);
			sourceTree = "<group>";
		};
		0A976A65298C048900E721F3 /* Products */ = {
			isa = PBXGroup;
			children = (
				0A976A64298C048900E721F3 /* FoodApp.app */,
			);
			name = Products;
			sourceTree = "<group>";
		};
		0A976A66298C048900E721F3 /* FoodApp */ = {
			isa = PBXGroup;
			children = (
				0A976A81298C10A800E721F3 /* Extensions */,
				0A976A7D298C0DAF00E721F3 /* CustomViews */,
				0A976A7C298C0D9B00E721F3 /* Views */,
				0A976A7B298C0D9200E721F3 /* Model */,
				0A976A67298C048900E721F3 /* AppDelegate.swift */,
				0A976A69298C048900E721F3 /* SceneDelegate.swift */,
				0A976A6D298C048900E721F3 /* Main.storyboard */,
				0A976A70298C048A00E721F3 /* Assets.xcassets */,
				0A976A72298C048A00E721F3 /* LaunchScreen.storyboard */,
				0A976A75298C048A00E721F3 /* Info.plist */,
			);
			path = FoodApp;
			sourceTree = "<group>";
		};
		0A976A7B298C0D9200E721F3 /* Model */ = {
			isa = PBXGroup;
			children = (
				0A976A84298C115F00E721F3 /* OnboardingSlide.swift */,
				0A976A9D298C5B7C00E721F3 /* DishCategory.swift */,
				0AF808F3298C6C85007D6745 /* Dish.swift */,
			);
			path = Model;
			sourceTree = "<group>";
		};
		0A976A7C298C0D9B00E721F3 /* Views */ = {
			isa = PBXGroup;
			children = (
				0AE98211298C7E340080FC28 /* DishDetail */,
				0A976A88298C26EC00E721F3 /* Home */,
				0A976A7E298C0DBE00E721F3 /* Onboarding */,
			);
			path = Views;
			sourceTree = "<group>";
		};
		0A976A7D298C0DAF00E721F3 /* CustomViews */ = {
			isa = PBXGroup;
			children = (
				0AF808EB298C5F3C007D6745 /* CardView */,
				0A976A97298C5AAE00E721F3 /* CollectionViewCells */,
			);
			path = CustomViews;
			sourceTree = "<group>";
		};
		0A976A7E298C0DBE00E721F3 /* Onboarding */ = {
			isa = PBXGroup;
			children = (
				0A976A7F298C0DE200E721F3 /* OnboardingViewController.swift */,
				0A976A86298C148F00E721F3 /* OnboardingCollectionViewCell.swift */,
			);
			path = Onboarding;
			sourceTree = "<group>";
		};
		0A976A81298C10A800E721F3 /* Extensions */ = {
			isa = PBXGroup;
			children = (
				0A976A82298C10C900E721F3 /* View+Extensions.swift */,
				0AF808E9298C5C11007D6745 /* String+Extensions.swift */,
				0A44B28E299E60FA0087606E /* ViewContoller+Extensions.swift */,
			);
			path = Extensions;
			sourceTree = "<group>";
		};
		0A976A88298C26EC00E721F3 /* Home */ = {
			isa = PBXGroup;
			children = (
				0A976A89298C270900E721F3 /* HomeViewController.swift */,
			);
			path = Home;
			sourceTree = "<group>";
		};
		0A976A97298C5AAE00E721F3 /* CollectionViewCells */ = {
			isa = PBXGroup;
			children = (
				0AE9820C298C76570080FC28 /* DishLandscapeCollectionViewCell */,
				0AF808EE298C6B38007D6745 /* DishPortraitCollectionViewCell */,
				0A976A98298C5ABE00E721F3 /* CategoryCollectionViewCell */,
			);
			path = CollectionViewCells;
			sourceTree = "<group>";
		};
		0A976A98298C5ABE00E721F3 /* CategoryCollectionViewCell */ = {
			isa = PBXGroup;
			children = (
				0A976A99298C5ADB00E721F3 /* CategoryCollectionViewCell.swift */,
				0A976A9A298C5ADB00E721F3 /* CategoryCollectionViewCell.xib */,
			);
			path = CategoryCollectionViewCell;
			sourceTree = "<group>";
		};
		0AE9820C298C76570080FC28 /* DishLandscapeCollectionViewCell */ = {
			isa = PBXGroup;
			children = (
				0AE9820D298C76740080FC28 /* DishLandscapeCollectionViewCell.swift */,
				0AE9820E298C76740080FC28 /* DishLandscapeCollectionViewCell.xib */,
			);
			path = DishLandscapeCollectionViewCell;
			sourceTree = "<group>";
		};
		0AE98211298C7E340080FC28 /* DishDetail */ = {
			isa = PBXGroup;
			children = (
				0AE98214298C7E9A0080FC28 /* DishDetailViewController.swift */,
			);
			path = DishDetail;
			sourceTree = "<group>";
		};
		0AF808EB298C5F3C007D6745 /* CardView */ = {
			isa = PBXGroup;
			children = (
				0AF808EC298C5F52007D6745 /* CardView.swift */,
			);
			path = CardView;
			sourceTree = "<group>";
		};
		0AF808EE298C6B38007D6745 /* DishPortraitCollectionViewCell */ = {
			isa = PBXGroup;
			children = (
				0AF808EF298C6B60007D6745 /* DishPortraitCollectionViewCell.swift */,
				0AF808F0298C6B60007D6745 /* DishPortraitCollectionViewCell.xib */,
			);
			path = DishPortraitCollectionViewCell;
			sourceTree = "<group>";
		};
		D3CC77517C82BC598E995306 /* Frameworks */ = {
			isa = PBXGroup;
			children = (
				9B06474D2BB525AFACE8F5E6 /* Pods_FoodApp.framework */,
			);
			name = Frameworks;
			sourceTree = "<group>";
		};
		F5A8CBC5E74E26CE04B8290E /* Pods */ = {
			isa = PBXGroup;
			children = (
				5D989F1398744A3860D97D45 /* Pods-FoodApp.debug.xcconfig */,
				07C46758ACE8673EE296F3CB /* Pods-FoodApp.release.xcconfig */,
			);
			path = Pods;
			sourceTree = "<group>";
		};
/* End PBXGroup section */

/* Begin PBXNativeTarget section */
		0A976A63298C048900E721F3 /* FoodApp */ = {
			isa = PBXNativeTarget;
			buildConfigurationList = 0A976A78298C048A00E721F3 /* Build configuration list for PBXNativeTarget "FoodApp" */;
			buildPhases = (
				0D9090674B256AEFAE66437E /* [CP] Check Pods Manifest.lock */,
				0A976A60298C048900E721F3 /* Sources */,
				0A976A61298C048900E721F3 /* Frameworks */,
				0A976A62298C048900E721F3 /* Resources */,
				5E9B6354DC580261DC276CB8 /* [CP] Embed Pods Frameworks */,
			);
			buildRules = (
			);
			dependencies = (
			);
			name = FoodApp;
			productName = FoodApp;
			productReference = 0A976A64298C048900E721F3 /* FoodApp.app */;
			productType = "com.apple.product-type.application";
		};
/* End PBXNativeTarget section */

/* Begin PBXProject section */
		0A976A5C298C048900E721F3 /* Project object */ = {
			isa = PBXProject;
			attributes = {
				BuildIndependentTargetsInParallel = 1;
				LastSwiftUpdateCheck = 1420;
				LastUpgradeCheck = 1420;
				TargetAttributes = {
					0A976A63298C048900E721F3 = {
						CreatedOnToolsVersion = 14.2;
					};
				};
			};
			buildConfigurationList = 0A976A5F298C048900E721F3 /* Build configuration list for PBXProject "FoodApp" */;
			compatibilityVersion = "Xcode 14.0";
			developmentRegion = en;
			hasScannedForEncodings = 0;
			knownRegions = (
				en,
				Base,
			);
			mainGroup = 0A976A5B298C048900E721F3;
			productRefGroup = 0A976A65298C048900E721F3 /* Products */;
			projectDirPath = "";
			projectRoot = "";
			targets = (
				0A976A63298C048900E721F3 /* FoodApp */,
			);
		};
/* End PBXProject section */

/* Begin PBXResourcesBuildPhase section */
		0A976A62298C048900E721F3 /* Resources */ = {
			isa = PBXResourcesBuildPhase;
			buildActionMask = 2147483647;
			files = (
				0A976A9C298C5ADB00E721F3 /* CategoryCollectionViewCell.xib in Resources */,
				0A976A74298C048A00E721F3 /* LaunchScreen.storyboard in Resources */,
				0AF808F2298C6B60007D6745 /* DishPortraitCollectionViewCell.xib in Resources */,
				0A976A71298C048A00E721F3 /* Assets.xcassets in Resources */,
				0AE98210298C76740080FC28 /* DishLandscapeCollectionViewCell.xib in Resources */,
				0A976A6F298C048900E721F3 /* Main.storyboard in Resources */,
			);
			runOnlyForDeploymentPostprocessing = 0;
		};
/* End PBXResourcesBuildPhase section */

/* Begin PBXShellScriptBuildPhase section */
		0D9090674B256AEFAE66437E /* [CP] Check Pods Manifest.lock */ = {
			isa = PBXShellScriptBuildPhase;
			buildActionMask = 2147483647;
			files = (
			);
			inputFileListPaths = (
			);
			inputPaths = (
				"${PODS_PODFILE_DIR_PATH}/Podfile.lock",
				"${PODS_ROOT}/Manifest.lock",
			);
			name = "[CP] Check Pods Manifest.lock";
			outputFileListPaths = (
			);
			outputPaths = (
				"$(DERIVED_FILE_DIR)/Pods-FoodApp-checkManifestLockResult.txt",
			);
			runOnlyForDeploymentPostprocessing = 0;
			shellPath = /bin/sh;
			shellScript = "diff \"${PODS_PODFILE_DIR_PATH}/Podfile.lock\" \"${PODS_ROOT}/Manifest.lock\" > /dev/null\nif [ $? != 0 ] ; then\n    # print error to STDERR\n    echo \"error: The sandbox is not in sync with the Podfile.lock. Run 'pod install' or update your CocoaPods installation.\" >&2\n    exit 1\nfi\n# This output is used by Xcode 'outputs' to avoid re-running this script phase.\necho \"SUCCESS\" > \"${SCRIPT_OUTPUT_FILE_0}\"\n";
			showEnvVarsInLog = 0;
		};
		5E9B6354DC580261DC276CB8 /* [CP] Embed Pods Frameworks */ = {
			isa = PBXShellScriptBuildPhase;
			buildActionMask = 2147483647;
			files = (
			);
			inputFileListPaths = (
				"${PODS_ROOT}/Target Support Files/Pods-FoodApp/Pods-FoodApp-frameworks-${CONFIGURATION}-input-files.xcfilelist",
			);
			name = "[CP] Embed Pods Frameworks";
			outputFileListPaths = (
				"${PODS_ROOT}/Target Support Files/Pods-FoodApp/Pods-FoodApp-frameworks-${CONFIGURATION}-output-files.xcfilelist",
			);
			runOnlyForDeploymentPostprocessing = 0;
			shellPath = /bin/sh;
			shellScript = "\"${PODS_ROOT}/Target Support Files/Pods-FoodApp/Pods-FoodApp-frameworks.sh\"\n";
			showEnvVarsInLog = 0;
		};
/* End PBXShellScriptBuildPhase section */

/* Begin PBXSourcesBuildPhase section */
		0A976A60298C048900E721F3 /* Sources */ = {
			isa = PBXSourcesBuildPhase;
			buildActionMask = 2147483647;
			files = (
				0AF808EA298C5C11007D6745 /* String+Extensions.swift in Sources */,
				0A44B28F299E60FA0087606E /* ViewContoller+Extensions.swift in Sources */,
				0A976A9B298C5ADB00E721F3 /* CategoryCollectionViewCell.swift in Sources */,
				0A976A85298C115F00E721F3 /* OnboardingSlide.swift in Sources */,
				0A976A68298C048900E721F3 /* AppDelegate.swift in Sources */,
				0A976A6A298C048900E721F3 /* SceneDelegate.swift in Sources */,
				0A976A83298C10C900E721F3 /* View+Extensions.swift in Sources */,
				0AE98215298C7E9A0080FC28 /* DishDetailViewController.swift in Sources */,
				0A976A80298C0DE200E721F3 /* OnboardingViewController.swift in Sources */,
				0A976A8A298C270900E721F3 /* HomeViewController.swift in Sources */,
				0AE9820F298C76740080FC28 /* DishLandscapeCollectionViewCell.swift in Sources */,
				0A976A9E298C5B7C00E721F3 /* DishCategory.swift in Sources */,
				0AF808ED298C5F52007D6745 /* CardView.swift in Sources */,
				0A976A87298C148F00E721F3 /* OnboardingCollectionViewCell.swift in Sources */,
				0AF808F4298C6C85007D6745 /* Dish.swift in Sources */,
				0AF808F1298C6B60007D6745 /* DishPortraitCollectionViewCell.swift in Sources */,
			);
			runOnlyForDeploymentPostprocessing = 0;
		};
/* End PBXSourcesBuildPhase section */

/* Begin PBXVariantGroup section */
		0A976A6D298C048900E721F3 /* Main.storyboard */ = {
			isa = PBXVariantGroup;
			children = (
				0A976A6E298C048900E721F3 /* Base */,
			);
			name = Main.storyboard;
			sourceTree = "<group>";
		};
		0A976A72298C048A00E721F3 /* LaunchScreen.storyboard */ = {
			isa = PBXVariantGroup;
			children = (
				0A976A73298C048A00E721F3 /* Base */,
			);
			name = LaunchScreen.storyboard;
			sourceTree = "<group>";
		};
/* End PBXVariantGroup section */

/* Begin XCBuildConfiguration section */
		0A976A76298C048A00E721F3 /* Debug */ = {
			isa = XCBuildConfiguration;
			buildSettings = {
				ALWAYS_SEARCH_USER_PATHS = NO;
				CLANG_ANALYZER_NONNULL = YES;
				CLANG_ANALYZER_NUMBER_OBJECT_CONVERSION = YES_AGGRESSIVE;
				CLANG_CXX_LANGUAGE_STANDARD = "gnu++20";
				CLANG_ENABLE_MODULES = YES;
				CLANG_ENABLE_OBJC_ARC = YES;
				CLANG_ENABLE_OBJC_WEAK = YES;
				CLANG_WARN_BLOCK_CAPTURE_AUTORELEASING = YES;
				CLANG_WARN_BOOL_CONVERSION = YES;
				CLANG_WARN_COMMA = YES;
				CLANG_WARN_CONSTANT_CONVERSION = YES;
				CLANG_WARN_DEPRECATED_OBJC_IMPLEMENTATIONS = YES;
				CLANG_WARN_DIRECT_OBJC_ISA_USAGE = YES_ERROR;
				CLANG_WARN_DOCUMENTATION_COMMENTS = YES;
				CLANG_WARN_EMPTY_BODY = YES;
				CLANG_WARN_ENUM_CONVERSION = YES;
				CLANG_WARN_INFINITE_RECURSION = YES;
				CLANG_WARN_INT_CONVERSION = YES;
				CLANG_WARN_NON_LITERAL_NULL_CONVERSION = YES;
				CLANG_WARN_OBJC_IMPLICIT_RETAIN_SELF = YES;
				CLANG_WARN_OBJC_LITERAL_CONVERSION = YES;
				CLANG_WARN_OBJC_ROOT_CLASS = YES_ERROR;
				CLANG_WARN_QUOTED_INCLUDE_IN_FRAMEWORK_HEADER = YES;
				CLANG_WARN_RANGE_LOOP_ANALYSIS = YES;
				CLANG_WARN_STRICT_PROTOTYPES = YES;
				CLANG_WARN_SUSPICIOUS_MOVE = YES;
				CLANG_WARN_UNGUARDED_AVAILABILITY = YES_AGGRESSIVE;
				CLANG_WARN_UNREACHABLE_CODE = YES;
				CLANG_WARN__DUPLICATE_METHOD_MATCH = YES;
				COPY_PHASE_STRIP = NO;
				DEBUG_INFORMATION_FORMAT = dwarf;
				ENABLE_STRICT_OBJC_MSGSEND = YES;
				ENABLE_TESTABILITY = YES;
				GCC_C_LANGUAGE_STANDARD = gnu11;
				GCC_DYNAMIC_NO_PIC = NO;
				GCC_NO_COMMON_BLOCKS = YES;
				GCC_OPTIMIZATION_LEVEL = 0;
				GCC_PREPROCESSOR_DEFINITIONS = (
					"DEBUG=1",
					"$(inherited)",
				);
				GCC_WARN_64_TO_32_BIT_CONVERSION = YES;
				GCC_WARN_ABOUT_RETURN_TYPE = YES_ERROR;
				GCC_WARN_UNDECLARED_SELECTOR = YES;
				GCC_WARN_UNINITIALIZED_AUTOS = YES_AGGRESSIVE;
				GCC_WARN_UNUSED_FUNCTION = YES;
				GCC_WARN_UNUSED_VARIABLE = YES;
				IPHONEOS_DEPLOYMENT_TARGET = 16.2;
				MTL_ENABLE_DEBUG_INFO = INCLUDE_SOURCE;
				MTL_FAST_MATH = YES;
				ONLY_ACTIVE_ARCH = YES;
				SDKROOT = iphoneos;
				SWIFT_ACTIVE_COMPILATION_CONDITIONS = DEBUG;
				SWIFT_OPTIMIZATION_LEVEL = "-Onone";
			};
			name = Debug;
		};
		0A976A77298C048A00E721F3 /* Release */ = {
			isa = XCBuildConfiguration;
			buildSettings = {
				ALWAYS_SEARCH_USER_PATHS = NO;
				CLANG_ANALYZER_NONNULL = YES;
				CLANG_ANALYZER_NUMBER_OBJECT_CONVERSION = YES_AGGRESSIVE;
				CLANG_CXX_LANGUAGE_STANDARD = "gnu++20";
				CLANG_ENABLE_MODULES = YES;
				CLANG_ENABLE_OBJC_ARC = YES;
				CLANG_ENABLE_OBJC_WEAK = YES;
				CLANG_WARN_BLOCK_CAPTURE_AUTORELEASING = YES;
				CLANG_WARN_BOOL_CONVERSION = YES;
				CLANG_WARN_COMMA = YES;
				CLANG_WARN_CONSTANT_CONVERSION = YES;
				CLANG_WARN_DEPRECATED_OBJC_IMPLEMENTATIONS = YES;
				CLANG_WARN_DIRECT_OBJC_ISA_USAGE = YES_ERROR;
				CLANG_WARN_DOCUMENTATION_COMMENTS = YES;
				CLANG_WARN_EMPTY_BODY = YES;
				CLANG_WARN_ENUM_CONVERSION = YES;
				CLANG_WARN_INFINITE_RECURSION = YES;
				CLANG_WARN_INT_CONVERSION = YES;
				CLANG_WARN_NON_LITERAL_NULL_CONVERSION = YES;
				CLANG_WARN_OBJC_IMPLICIT_RETAIN_SELF = YES;
				CLANG_WARN_OBJC_LITERAL_CONVERSION = YES;
				CLANG_WARN_OBJC_ROOT_CLASS = YES_ERROR;
				CLANG_WARN_QUOTED_INCLUDE_IN_FRAMEWORK_HEADER = YES;
				CLANG_WARN_RANGE_LOOP_ANALYSIS = YES;
				CLANG_WARN_STRICT_PROTOTYPES = YES;
				CLANG_WARN_SUSPICIOUS_MOVE = YES;
				CLANG_WARN_UNGUARDED_AVAILABILITY = YES_AGGRESSIVE;
				CLANG_WARN_UNREACHABLE_CODE = YES;
				CLANG_WARN__DUPLICATE_METHOD_MATCH = YES;
				COPY_PHASE_STRIP = NO;
				DEBUG_INFORMATION_FORMAT = "dwarf-with-dsym";
				ENABLE_NS_ASSERTIONS = NO;
				ENABLE_STRICT_OBJC_MSGSEND = YES;
				GCC_C_LANGUAGE_STANDARD = gnu11;
				GCC_NO_COMMON_BLOCKS = YES;
				GCC_WARN_64_TO_32_BIT_CONVERSION = YES;
				GCC_WARN_ABOUT_RETURN_TYPE = YES_ERROR;
				GCC_WARN_UNDECLARED_SELECTOR = YES;
				GCC_WARN_UNINITIALIZED_AUTOS = YES_AGGRESSIVE;
				GCC_WARN_UNUSED_FUNCTION = YES;
				GCC_WARN_UNUSED_VARIABLE = YES;
				IPHONEOS_DEPLOYMENT_TARGET = 16.2;
				MTL_ENABLE_DEBUG_INFO = NO;
				MTL_FAST_MATH = YES;
				SDKROOT = iphoneos;
				SWIFT_COMPILATION_MODE = wholemodule;
				SWIFT_OPTIMIZATION_LEVEL = "-O";
				VALIDATE_PRODUCT = YES;
			};
			name = Release;
		};
		0A976A79298C048A00E721F3 /* Debug */ = {
			isa = XCBuildConfiguration;
			baseConfigurationReference = 5D989F1398744A3860D97D45 /* Pods-FoodApp.debug.xcconfig */;
			buildSettings = {
				ASSETCATALOG_COMPILER_APPICON_NAME = AppIcon;
				ASSETCATALOG_COMPILER_GLOBAL_ACCENT_COLOR_NAME = AccentColor;
				CODE_SIGN_STYLE = Automatic;
				CURRENT_PROJECT_VERSION = 1;
				DEVELOPMENT_TEAM = HM795YG5L5;
				GENERATE_INFOPLIST_FILE = YES;
				INFOPLIST_FILE = FoodApp/Info.plist;
				INFOPLIST_KEY_UIApplicationSupportsIndirectInputEvents = YES;
				INFOPLIST_KEY_UILaunchStoryboardName = LaunchScreen;
				INFOPLIST_KEY_UIMainStoryboardFile = Main;
				INFOPLIST_KEY_UISupportedInterfaceOrientations_iPad = "UIInterfaceOrientationPortrait UIInterfaceOrientationPortraitUpsideDown UIInterfaceOrientationLandscapeLeft UIInterfaceOrientationLandscapeRight";
				INFOPLIST_KEY_UISupportedInterfaceOrientations_iPhone = "UIInterfaceOrientationPortrait UIInterfaceOrientationLandscapeLeft UIInterfaceOrientationLandscapeRight";
				LD_RUNPATH_SEARCH_PATHS = (
					"$(inherited)",
					"@executable_path/Frameworks",
				);
				MARKETING_VERSION = 1.0;
				PRODUCT_BUNDLE_IDENTIFIER = aGorelkin.FoodApp;
				PRODUCT_NAME = "$(TARGET_NAME)";
				SWIFT_EMIT_LOC_STRINGS = YES;
				SWIFT_VERSION = 5.0;
				TARGETED_DEVICE_FAMILY = "1,2";
			};
			name = Debug;
		};
		0A976A7A298C048A00E721F3 /* Release */ = {
			isa = XCBuildConfiguration;
			baseConfigurationReference = 07C46758ACE8673EE296F3CB /* Pods-FoodApp.release.xcconfig */;
			buildSettings = {
				ASSETCATALOG_COMPILER_APPICON_NAME = AppIcon;
				ASSETCATALOG_COMPILER_GLOBAL_ACCENT_COLOR_NAME = AccentColor;
				CODE_SIGN_STYLE = Automatic;
				CURRENT_PROJECT_VERSION = 1;
				DEVELOPMENT_TEAM = HM795YG5L5;
				GENERATE_INFOPLIST_FILE = YES;
				INFOPLIST_FILE = FoodApp/Info.plist;
				INFOPLIST_KEY_UIApplicationSupportsIndirectInputEvents = YES;
				INFOPLIST_KEY_UILaunchStoryboardName = LaunchScreen;
				INFOPLIST_KEY_UIMainStoryboardFile = Main;
				INFOPLIST_KEY_UISupportedInterfaceOrientations_iPad = "UIInterfaceOrientationPortrait UIInterfaceOrientationPortraitUpsideDown UIInterfaceOrientationLandscapeLeft UIInterfaceOrientationLandscapeRight";
				INFOPLIST_KEY_UISupportedInterfaceOrientations_iPhone = "UIInterfaceOrientationPortrait UIInterfaceOrientationLandscapeLeft UIInterfaceOrientationLandscapeRight";
				LD_RUNPATH_SEARCH_PATHS = (
					"$(inherited)",
					"@executable_path/Frameworks",
				);
				MARKETING_VERSION = 1.0;
				PRODUCT_BUNDLE_IDENTIFIER = aGorelkin.FoodApp;
				PRODUCT_NAME = "$(TARGET_NAME)";
				SWIFT_EMIT_LOC_STRINGS = YES;
				SWIFT_VERSION = 5.0;
				TARGETED_DEVICE_FAMILY = "1,2";
			};
			name = Release;
		};
/* End XCBuildConfiguration section */

/* Begin XCConfigurationList section */
		0A976A5F298C048900E721F3 /* Build configuration list for PBXProject "FoodApp" */ = {
			isa = XCConfigurationList;
			buildConfigurations = (
				0A976A76298C048A00E721F3 /* Debug */,
				0A976A77298C048A00E721F3 /* Release */,
			);
			defaultConfigurationIsVisible = 0;
			defaultConfigurationName = Release;
		};
		0A976A78298C048A00E721F3 /* Build configuration list for PBXNativeTarget "FoodApp" */ = {
			isa = XCConfigurationList;
			buildConfigurations = (
				0A976A79298C048A00E721F3 /* Debug */,
				0A976A7A298C048A00E721F3 /* Release */,
			);
			defaultConfigurationIsVisible = 0;
			defaultConfigurationName = Release;
		};
/* End XCConfigurationList section */
	};
	rootObject = 0A976A5C298C048900E721F3 /* Project object */;
}
